
Microsoft Visual Studio Solution File, Format Version 12.00
# Visual Studio Version 17
VisualStudioVersion = 17.1.32319.34
MinimumVisualStudioVersion = 10.0.40219.1
Project("{FAE04EC0-301F-11D3-BF4B-00C04F79EFBC}") = "KanbanMate", "KanbanMate\KanbanMate.csproj", "{36176B52-8C55-4DFF-B306-96576061C761}"
EndProject
Global
	GlobalSection(SolutionConfigurationPlatforms) = preSolution
		Debug|Any CPU = Debug|Any CPU
		Release|Any CPU = Release|Any CPU
	EndGlobalSection
	GlobalSection(ProjectConfigurationPlatforms) = postSolution
		{36176B52-8C55-4DFF-B306-96576061C761}.Debug|Any CPU.ActiveCfg = Debug|Any CPU
		{36176B52-8C55-4DFF-B306-96576061C761}.Debug|Any CPU.Build.0 = Debug|Any CPU
		{36176B52-8C55-4DFF-B306-96576061C761}.Release|Any CPU.ActiveCfg = Release|Any CPU
		{36176B52-8C55-4DFF-B306-96576061C761}.Release|Any CPU.Build.0 = Release|Any CPU
	EndGlobalSection
	GlobalSection(SolutionProperties) = preSolution
		HideSolutionNode = FALSE
	EndGlobalSection
	GlobalSection(ExtensibilityGlobals) = postSolution
		SolutionGuid = {B409D0A8-65B2-4172-BFDC-E13AC320A95C}
	EndGlobalSection
EndGlobal
