
Microsoft Visual Studio Solution File, Format Version 12.00
# Visual Studio Version 17
VisualStudioVersion = 17.1.32319.34
MinimumVisualStudioVersion = 10.0.40219.1
Project("{9A19103F-16F7-4668-BE54-9A1E7A4F7556}") = "KanbanMate", "KanbanMate\KanbanMate.csproj", "{36176B52-8C55-4DFF-B306-96576061C761}"
EndProject
Project("{FAE04EC0-301F-11D3-BF4B-00C04F79EFBC}") = "KanbanMate.DataAccess", "KanbanMate.DataAccess\KanbanMate.DataAccess.csproj", "{33C056D4-0500-45D9-B627-C5A69AB4CC23}"
EndProject
Project("{FAE04EC0-301F-11D3-BF4B-00C04F79EFBC}") = "KanbanMate.Models", "KanbanMate.Models\KanbanMate.Models.csproj", "{547DF4B4-A860-4260-B37B-5D9550F4CC76}"
EndProject
Project("{FAE04EC0-301F-11D3-BF4B-00C04F79EFBC}") = "KanbanMate.Utility", "KanbanMate.Utility\KanbanMate.Utility.csproj", "{03E4D452-C0B2-4F1A-8325-F63D4E3DC9E1}"
EndProject
Global
	GlobalSection(SolutionConfigurationPlatforms) = preSolution
		Debug|Any CPU = Debug|Any CPU
		Release|Any CPU = Release|Any CPU
	EndGlobalSection
	GlobalSection(ProjectConfigurationPlatforms) = postSolution
		{36176B52-8C55-4DFF-B306-96576061C761}.Debug|Any CPU.ActiveCfg = Debug|Any CPU
		{36176B52-8C55-4DFF-B306-96576061C761}.Debug|Any CPU.Build.0 = Debug|Any CPU
		{36176B52-8C55-4DFF-B306-96576061C761}.Release|Any CPU.ActiveCfg = Release|Any CPU
		{36176B52-8C55-4DFF-B306-96576061C761}.Release|Any CPU.Build.0 = Release|Any CPU
		{33C056D4-0500-45D9-B627-C5A69AB4CC23}.Debug|Any CPU.ActiveCfg = Debug|Any CPU
		{33C056D4-0500-45D9-B627-C5A69AB4CC23}.Debug|Any CPU.Build.0 = Debug|Any CPU
		{33C056D4-0500-45D9-B627-C5A69AB4CC23}.Release|Any CPU.ActiveCfg = Release|Any CPU
		{33C056D4-0500-45D9-B627-C5A69AB4CC23}.Release|Any CPU.Build.0 = Release|Any CPU
		{547DF4B4-A860-4260-B37B-5D9550F4CC76}.Debug|Any CPU.ActiveCfg = Debug|Any CPU
		{547DF4B4-A860-4260-B37B-5D9550F4CC76}.Debug|Any CPU.Build.0 = Debug|Any CPU
		{547DF4B4-A860-4260-B37B-5D9550F4CC76}.Release|Any CPU.ActiveCfg = Release|Any CPU
		{547DF4B4-A860-4260-B37B-5D9550F4CC76}.Release|Any CPU.Build.0 = Release|Any CPU
		{03E4D452-C0B2-4F1A-8325-F63D4E3DC9E1}.Debug|Any CPU.ActiveCfg = Debug|Any CPU
		{03E4D452-C0B2-4F1A-8325-F63D4E3DC9E1}.Debug|Any CPU.Build.0 = Debug|Any CPU
		{03E4D452-C0B2-4F1A-8325-F63D4E3DC9E1}.Release|Any CPU.ActiveCfg = Release|Any CPU
		{03E4D452-C0B2-4F1A-8325-F63D4E3DC9E1}.Release|Any CPU.Build.0 = Release|Any CPU
	EndGlobalSection
	GlobalSection(SolutionProperties) = preSolution
		HideSolutionNode = FALSE
	EndGlobalSection
	GlobalSection(ExtensibilityGlobals) = postSolution
		SolutionGuid = {B409D0A8-65B2-4172-BFDC-E13AC320A95C}
	EndGlobalSection
EndGlobal
